
Microsoft Visual Studio Solution File, Format Version 10.00
# Visual Studio 2008
Project("{FAE04EC0-301F-11D3-BF4B-00C04F79EFBC}") = "HopfieldDemo", "HopfieldDemo\HopfieldDemo.csproj", "{7602F2B0-EF88-4C57-97EB-C8537AC444BD}"
EndProject
Project("{FAE04EC0-301F-11D3-BF4B-00C04F79EFBC}") = "Specs", "Specs\Specs.csproj", "{E7DF367B-934A-44CB-AE84-F3BD357B53E9}"
EndProject
Project("{FAE04EC0-301F-11D3-BF4B-00C04F79EFBC}") = "SimpleMaths", "SimpleMaths\SimpleMaths.csproj", "{B9369F25-AE9D-4923-A495-9F076A755249}"
EndProject
Global
	GlobalSection(SolutionConfigurationPlatforms) = preSolution
		Debug|Any CPU = Debug|Any CPU
		Release|Any CPU = Release|Any CPU
	EndGlobalSection
	GlobalSection(ProjectConfigurationPlatforms) = postSolution
		{7602F2B0-EF88-4C57-97EB-C8537AC444BD}.Debug|Any CPU.ActiveCfg = Debug|Any CPU
		{7602F2B0-EF88-4C57-97EB-C8537AC444BD}.Debug|Any CPU.Build.0 = Debug|Any CPU
		{7602F2B0-EF88-4C57-97EB-C8537AC444BD}.Release|Any CPU.ActiveCfg = Release|Any CPU
		{7602F2B0-EF88-4C57-97EB-C8537AC444BD}.Release|Any CPU.Build.0 = Release|Any CPU
		{E7DF367B-934A-44CB-AE84-F3BD357B53E9}.Debug|Any CPU.ActiveCfg = Debug|Any CPU
		{E7DF367B-934A-44CB-AE84-F3BD357B53E9}.Debug|Any CPU.Build.0 = Debug|Any CPU
		{E7DF367B-934A-44CB-AE84-F3BD357B53E9}.Release|Any CPU.ActiveCfg = Release|Any CPU
		{E7DF367B-934A-44CB-AE84-F3BD357B53E9}.Release|Any CPU.Build.0 = Release|Any CPU
		{B9369F25-AE9D-4923-A495-9F076A755249}.Debug|Any CPU.ActiveCfg = Debug|Any CPU
		{B9369F25-AE9D-4923-A495-9F076A755249}.Debug|Any CPU.Build.0 = Debug|Any CPU
		{B9369F25-AE9D-4923-A495-9F076A755249}.Release|Any CPU.ActiveCfg = Release|Any CPU
		{B9369F25-AE9D-4923-A495-9F076A755249}.Release|Any CPU.Build.0 = Release|Any CPU
	EndGlobalSection
	GlobalSection(SolutionProperties) = preSolution
		HideSolutionNode = FALSE
	EndGlobalSection
EndGlobal
